// !$*UTF8*$!
{
	archiveVersion = 1;
	classes = {
	};
	objectVersion = 56;
	objects = {

/* Begin PBXBuildFile section */
		6D1C87D82AD88EBF006C4004 /* kjvonlyApp.swift in Sources */ = {isa = PBXBuildFile; fileRef = 6D1C87D72AD88EBF006C4004 /* kjvonlyApp.swift */; };
		6D1C87DA2AD88EBF006C4004 /* SqliteInitializerView.swift in Sources */ = {isa = PBXBuildFile; fileRef = 6D1C87D92AD88EBF006C4004 /* SqliteInitializerView.swift */; };
		6D1C87DC2AD88EC0006C4004 /* Assets.xcassets in Resources */ = {isa = PBXBuildFile; fileRef = 6D1C87DB2AD88EC0006C4004 /* Assets.xcassets */; };
		6D1C87DF2AD88EC0006C4004 /* Preview Assets.xcassets in Resources */ = {isa = PBXBuildFile; fileRef = 6D1C87DE2AD88EC0006C4004 /* Preview Assets.xcassets */; };
		6D1C87E12AD88EC0006C4004 /* Persistence.swift in Sources */ = {isa = PBXBuildFile; fileRef = 6D1C87E02AD88EC0006C4004 /* Persistence.swift */; };
		6D1C87E42AD88EC0006C4004 /* kjvonly.xcdatamodeld in Sources */ = {isa = PBXBuildFile; fileRef = 6D1C87E22AD88EC0006C4004 /* kjvonly.xcdatamodeld */; };
		6D1C87EE2AD88EC0006C4004 /* kjvonlyTests.swift in Sources */ = {isa = PBXBuildFile; fileRef = 6D1C87ED2AD88EC0006C4004 /* kjvonlyTests.swift */; };
		6D1C87F82AD88EC0006C4004 /* kjvonlyUITests.swift in Sources */ = {isa = PBXBuildFile; fileRef = 6D1C87F72AD88EC0006C4004 /* kjvonlyUITests.swift */; };
		6D1C87FA2AD88EC0006C4004 /* kjvonlyUITestsLaunchTests.swift in Sources */ = {isa = PBXBuildFile; fileRef = 6D1C87F92AD88EC0006C4004 /* kjvonlyUITestsLaunchTests.swift */; };
		6D1C88172AD8B653006C4004 /* kjvonly.sqlite-wal in Resources */ = {isa = PBXBuildFile; fileRef = 6D1C88142AD8B653006C4004 /* kjvonly.sqlite-wal */; };
		6D1C88182AD8B653006C4004 /* kjvonly.sqlite in Resources */ = {isa = PBXBuildFile; fileRef = 6D1C88152AD8B653006C4004 /* kjvonly.sqlite */; };
		6D1C88192AD8B653006C4004 /* kjvonly.sqlite-shm in Resources */ = {isa = PBXBuildFile; fileRef = 6D1C88162AD8B653006C4004 /* kjvonly.sqlite-shm */; };
		6D1C881B2ADA0D6E006C4004 /* BibleView.swift in Sources */ = {isa = PBXBuildFile; fileRef = 6D1C881A2ADA0D6E006C4004 /* BibleView.swift */; };
		6D1C881F2ADA12D0006C4004 /* 1_1.json.gz in Resources */ = {isa = PBXBuildFile; fileRef = 6D1C881E2ADA12D0006C4004 /* 1_1.json.gz */; };
		6D1C88222ADA1409006C4004 /* BibleRepository.swift in Sources */ = {isa = PBXBuildFile; fileRef = 6D1C88212ADA1409006C4004 /* BibleRepository.swift */; };
		6D1C88252ADA1730006C4004 /* BibleViewModel.swift in Sources */ = {isa = PBXBuildFile; fileRef = 6D1C88242ADA1730006C4004 /* BibleViewModel.swift */; };
		6D1C88272ADA1ADB006C4004 /* BibleDao.swift in Sources */ = {isa = PBXBuildFile; fileRef = 6D1C88262ADA1ADB006C4004 /* BibleDao.swift */; };
		6D1C882A2ADA2159006C4004 /* SQLite in Frameworks */ = {isa = PBXBuildFile; productRef = 6D1C88292ADA2159006C4004 /* SQLite */; };
		6D1C882E2ADAABEB006C4004 /* ChapterDao.swift in Sources */ = {isa = PBXBuildFile; fileRef = 6D1C882D2ADAABEB006C4004 /* ChapterDao.swift */; };
		6D1C88312ADACFB5006C4004 /* GZIP in Frameworks */ = {isa = PBXBuildFile; productRef = 6D1C88302ADACFB5006C4004 /* GZIP */; };
		6D1C88352ADADDFC006C4004 /* Chapter.swift in Sources */ = {isa = PBXBuildFile; fileRef = 6D1C88342ADADDFC006C4004 /* Chapter.swift */; };
		6D1C88372ADB04DF006C4004 /* SplashScreenView.swift in Sources */ = {isa = PBXBuildFile; fileRef = 6D1C88362ADB04DF006C4004 /* SplashScreenView.swift */; };
		6D1C883A2ADB3B9C006C4004 /* BibleViewToolbarOptionsView.swift in Sources */ = {isa = PBXBuildFile; fileRef = 6D1C88392ADB3B9C006C4004 /* BibleViewToolbarOptionsView.swift */; };
		6D1C883E2ADE14D3006C4004 /* BibleToolbarView.swift in Sources */ = {isa = PBXBuildFile; fileRef = 6D1C883D2ADE14D3006C4004 /* BibleToolbarView.swift */; };
		6D1C88432ADE22F6006C4004 /* BibleRepositoryFake.swift in Sources */ = {isa = PBXBuildFile; fileRef = 6D1C88422ADE22F6006C4004 /* BibleRepositoryFake.swift */; };
/* End PBXBuildFile section */

/* Begin PBXContainerItemProxy section */
		6D1C87EA2AD88EC0006C4004 /* PBXContainerItemProxy */ = {
			isa = PBXContainerItemProxy;
			containerPortal = 6D1C87CC2AD88EBF006C4004 /* Project object */;
			proxyType = 1;
			remoteGlobalIDString = 6D1C87D32AD88EBF006C4004;
			remoteInfo = kjvonly;
		};
		6D1C87F42AD88EC0006C4004 /* PBXContainerItemProxy */ = {
			isa = PBXContainerItemProxy;
			containerPortal = 6D1C87CC2AD88EBF006C4004 /* Project object */;
			proxyType = 1;
			remoteGlobalIDString = 6D1C87D32AD88EBF006C4004;
			remoteInfo = kjvonly;
		};
/* End PBXContainerItemProxy section */

/* Begin PBXFileReference section */
		6D1C87D42AD88EBF006C4004 /* kjvonly.app */ = {isa = PBXFileReference; explicitFileType = wrapper.application; includeInIndex = 0; path = kjvonly.app; sourceTree = BUILT_PRODUCTS_DIR; };
		6D1C87D72AD88EBF006C4004 /* kjvonlyApp.swift */ = {isa = PBXFileReference; lastKnownFileType = sourcecode.swift; path = kjvonlyApp.swift; sourceTree = "<group>"; };
		6D1C87D92AD88EBF006C4004 /* SqliteInitializerView.swift */ = {isa = PBXFileReference; lastKnownFileType = sourcecode.swift; path = SqliteInitializerView.swift; sourceTree = "<group>"; };
		6D1C87DB2AD88EC0006C4004 /* Assets.xcassets */ = {isa = PBXFileReference; lastKnownFileType = folder.assetcatalog; path = Assets.xcassets; sourceTree = "<group>"; };
		6D1C87DE2AD88EC0006C4004 /* Preview Assets.xcassets */ = {isa = PBXFileReference; lastKnownFileType = folder.assetcatalog; path = "Preview Assets.xcassets"; sourceTree = "<group>"; };
		6D1C87E02AD88EC0006C4004 /* Persistence.swift */ = {isa = PBXFileReference; lastKnownFileType = sourcecode.swift; path = Persistence.swift; sourceTree = "<group>"; };
		6D1C87E32AD88EC0006C4004 /* kjvonly.xcdatamodel */ = {isa = PBXFileReference; lastKnownFileType = wrapper.xcdatamodel; path = kjvonly.xcdatamodel; sourceTree = "<group>"; };
		6D1C87E92AD88EC0006C4004 /* kjvonlyTests.xctest */ = {isa = PBXFileReference; explicitFileType = wrapper.cfbundle; includeInIndex = 0; path = kjvonlyTests.xctest; sourceTree = BUILT_PRODUCTS_DIR; };
		6D1C87ED2AD88EC0006C4004 /* kjvonlyTests.swift */ = {isa = PBXFileReference; lastKnownFileType = sourcecode.swift; path = kjvonlyTests.swift; sourceTree = "<group>"; };
		6D1C87F32AD88EC0006C4004 /* kjvonlyUITests.xctest */ = {isa = PBXFileReference; explicitFileType = wrapper.cfbundle; includeInIndex = 0; path = kjvonlyUITests.xctest; sourceTree = BUILT_PRODUCTS_DIR; };
		6D1C87F72AD88EC0006C4004 /* kjvonlyUITests.swift */ = {isa = PBXFileReference; lastKnownFileType = sourcecode.swift; path = kjvonlyUITests.swift; sourceTree = "<group>"; };
		6D1C87F92AD88EC0006C4004 /* kjvonlyUITestsLaunchTests.swift */ = {isa = PBXFileReference; lastKnownFileType = sourcecode.swift; path = kjvonlyUITestsLaunchTests.swift; sourceTree = "<group>"; };
		6D1C88142AD8B653006C4004 /* kjvonly.sqlite-wal */ = {isa = PBXFileReference; lastKnownFileType = file; path = "kjvonly.sqlite-wal"; sourceTree = "<group>"; };
		6D1C88152AD8B653006C4004 /* kjvonly.sqlite */ = {isa = PBXFileReference; lastKnownFileType = file; path = kjvonly.sqlite; sourceTree = "<group>"; };
		6D1C88162AD8B653006C4004 /* kjvonly.sqlite-shm */ = {isa = PBXFileReference; lastKnownFileType = file; path = "kjvonly.sqlite-shm"; sourceTree = "<group>"; };
		6D1C881A2ADA0D6E006C4004 /* BibleView.swift */ = {isa = PBXFileReference; lastKnownFileType = sourcecode.swift; path = BibleView.swift; sourceTree = "<group>"; };
		6D1C881E2ADA12D0006C4004 /* 1_1.json.gz */ = {isa = PBXFileReference; lastKnownFileType = archive.gzip; path = 1_1.json.gz; sourceTree = "<group>"; };
		6D1C88212ADA1409006C4004 /* BibleRepository.swift */ = {isa = PBXFileReference; lastKnownFileType = sourcecode.swift; path = BibleRepository.swift; sourceTree = "<group>"; };
		6D1C88242ADA1730006C4004 /* BibleViewModel.swift */ = {isa = PBXFileReference; lastKnownFileType = sourcecode.swift; path = BibleViewModel.swift; sourceTree = "<group>"; };
		6D1C88262ADA1ADB006C4004 /* BibleDao.swift */ = {isa = PBXFileReference; lastKnownFileType = sourcecode.swift; path = BibleDao.swift; sourceTree = "<group>"; };
		6D1C882D2ADAABEB006C4004 /* ChapterDao.swift */ = {isa = PBXFileReference; lastKnownFileType = sourcecode.swift; path = ChapterDao.swift; sourceTree = "<group>"; };
		6D1C88342ADADDFC006C4004 /* Chapter.swift */ = {isa = PBXFileReference; lastKnownFileType = sourcecode.swift; path = Chapter.swift; sourceTree = "<group>"; };
		6D1C88362ADB04DF006C4004 /* SplashScreenView.swift */ = {isa = PBXFileReference; lastKnownFileType = sourcecode.swift; path = SplashScreenView.swift; sourceTree = "<group>"; };
		6D1C88392ADB3B9C006C4004 /* BibleViewToolbarOptionsView.swift */ = {isa = PBXFileReference; lastKnownFileType = sourcecode.swift; path = BibleViewToolbarOptionsView.swift; sourceTree = "<group>"; };
		6D1C883D2ADE14D3006C4004 /* BibleToolbarView.swift */ = {isa = PBXFileReference; lastKnownFileType = sourcecode.swift; path = BibleToolbarView.swift; sourceTree = "<group>"; };
		6D1C88422ADE22F6006C4004 /* BibleRepositoryFake.swift */ = {isa = PBXFileReference; lastKnownFileType = sourcecode.swift; path = BibleRepositoryFake.swift; sourceTree = "<group>"; };
/* End PBXFileReference section */

/* Begin PBXFrameworksBuildPhase section */
		6D1C87D12AD88EBF006C4004 /* Frameworks */ = {
			isa = PBXFrameworksBuildPhase;
			buildActionMask = 2147483647;
			files = (
				6D1C88312ADACFB5006C4004 /* GZIP in Frameworks */,
				6D1C882A2ADA2159006C4004 /* SQLite in Frameworks */,
			);
			runOnlyForDeploymentPostprocessing = 0;
		};
		6D1C87E62AD88EC0006C4004 /* Frameworks */ = {
			isa = PBXFrameworksBuildPhase;
			buildActionMask = 2147483647;
			files = (
			);
			runOnlyForDeploymentPostprocessing = 0;
		};
		6D1C87F02AD88EC0006C4004 /* Frameworks */ = {
			isa = PBXFrameworksBuildPhase;
			buildActionMask = 2147483647;
			files = (
			);
			runOnlyForDeploymentPostprocessing = 0;
		};
/* End PBXFrameworksBuildPhase section */

/* Begin PBXGroup section */
		6D1C87CB2AD88EBF006C4004 = {
			isa = PBXGroup;
			children = (
				6D1C87D62AD88EBF006C4004 /* kjvonly */,
				6D1C87EC2AD88EC0006C4004 /* kjvonlyTests */,
				6D1C87F62AD88EC0006C4004 /* kjvonlyUITests */,
				6D1C87D52AD88EBF006C4004 /* Products */,
			);
			sourceTree = "<group>";
		};
		6D1C87D52AD88EBF006C4004 /* Products */ = {
			isa = PBXGroup;
			children = (
				6D1C87D42AD88EBF006C4004 /* kjvonly.app */,
				6D1C87E92AD88EC0006C4004 /* kjvonlyTests.xctest */,
				6D1C87F32AD88EC0006C4004 /* kjvonlyUITests.xctest */,
			);
			name = Products;
			sourceTree = "<group>";
		};
		6D1C87D62AD88EBF006C4004 /* kjvonly */ = {
			isa = PBXGroup;
			children = (
				6D1C88202ADA13C6006C4004 /* BibleData */,
				6D1C88062AD89C85006C4004 /* BibleDatabase */,
				6D1C88232ADA16CD006C4004 /* BibleUi */,
				6D1C87D72AD88EBF006C4004 /* kjvonlyApp.swift */,
				6D1C88362ADB04DF006C4004 /* SplashScreenView.swift */,
				6D1C87DB2AD88EC0006C4004 /* Assets.xcassets */,
				6D1C88382ADB0780006C4004 /* icons */,
				6D1C87DD2AD88EC0006C4004 /* Preview Content */,
			);
			path = kjvonly;
			sourceTree = "<group>";
		};
		6D1C87DD2AD88EC0006C4004 /* Preview Content */ = {
			isa = PBXGroup;
			children = (
				6D1C87DE2AD88EC0006C4004 /* Preview Assets.xcassets */,
			);
			path = "Preview Content";
			sourceTree = "<group>";
		};
		6D1C87EC2AD88EC0006C4004 /* kjvonlyTests */ = {
			isa = PBXGroup;
			children = (
				6D1C87ED2AD88EC0006C4004 /* kjvonlyTests.swift */,
			);
			path = kjvonlyTests;
			sourceTree = "<group>";
		};
		6D1C87F62AD88EC0006C4004 /* kjvonlyUITests */ = {
			isa = PBXGroup;
			children = (
				6D1C87F72AD88EC0006C4004 /* kjvonlyUITests.swift */,
				6D1C87F92AD88EC0006C4004 /* kjvonlyUITestsLaunchTests.swift */,
			);
			path = kjvonlyUITests;
			sourceTree = "<group>";
		};
		6D1C88062AD89C85006C4004 /* BibleDatabase */ = {
			isa = PBXGroup;
			children = (
				6D1C88322ADADDD3006C4004 /* Models */,
				6D1C882C2ADA221D006C4004 /* PreviewData */,
				6D1C882B2ADA2202006C4004 /* SqliteDbs */,
				6D1C87E22AD88EC0006C4004 /* kjvonly.xcdatamodeld */,
				6D1C87D92AD88EBF006C4004 /* SqliteInitializerView.swift */,
				6D1C87E02AD88EC0006C4004 /* Persistence.swift */,
			);
			path = BibleDatabase;
			sourceTree = "<group>";
		};
		6D1C88202ADA13C6006C4004 /* BibleData */ = {
			isa = PBXGroup;
			children = (
				6D1C88332ADADDEE006C4004 /* Models */,
				6D1C88212ADA1409006C4004 /* BibleRepository.swift */,
				6D1C88422ADE22F6006C4004 /* BibleRepositoryFake.swift */,
			);
			path = BibleData;
			sourceTree = "<group>";
		};
		6D1C88232ADA16CD006C4004 /* BibleUi */ = {
			isa = PBXGroup;
			children = (
				6D1C881A2ADA0D6E006C4004 /* BibleView.swift */,
				6D1C88242ADA1730006C4004 /* BibleViewModel.swift */,
				6D1C88392ADB3B9C006C4004 /* BibleViewToolbarOptionsView.swift */,
				6D1C883D2ADE14D3006C4004 /* BibleToolbarView.swift */,
			);
			path = BibleUi;
			sourceTree = "<group>";
		};
		6D1C882B2ADA2202006C4004 /* SqliteDbs */ = {
			isa = PBXGroup;
			children = (
				6D1C88152AD8B653006C4004 /* kjvonly.sqlite */,
				6D1C88162AD8B653006C4004 /* kjvonly.sqlite-shm */,
				6D1C88142AD8B653006C4004 /* kjvonly.sqlite-wal */,
			);
			path = SqliteDbs;
			sourceTree = "<group>";
		};
		6D1C882C2ADA221D006C4004 /* PreviewData */ = {
			isa = PBXGroup;
			children = (
				6D1C881E2ADA12D0006C4004 /* 1_1.json.gz */,
			);
			path = PreviewData;
			sourceTree = "<group>";
		};
		6D1C88322ADADDD3006C4004 /* Models */ = {
			isa = PBXGroup;
			children = (
				6D1C88262ADA1ADB006C4004 /* BibleDao.swift */,
				6D1C882D2ADAABEB006C4004 /* ChapterDao.swift */,
			);
			path = Models;
			sourceTree = "<group>";
		};
		6D1C88332ADADDEE006C4004 /* Models */ = {
			isa = PBXGroup;
			children = (
				6D1C88342ADADDFC006C4004 /* Chapter.swift */,
			);
			path = Models;
			sourceTree = "<group>";
		};
		6D1C88382ADB0780006C4004 /* icons */ = {
			isa = PBXGroup;
			children = (
			);
			path = icons;
			sourceTree = "<group>";
		};
/* End PBXGroup section */

/* Begin PBXNativeTarget section */
		6D1C87D32AD88EBF006C4004 /* kjvonly */ = {
			isa = PBXNativeTarget;
			buildConfigurationList = 6D1C87FD2AD88EC0006C4004 /* Build configuration list for PBXNativeTarget "kjvonly" */;
			buildPhases = (
				6D1C87D02AD88EBF006C4004 /* Sources */,
				6D1C87D12AD88EBF006C4004 /* Frameworks */,
				6D1C87D22AD88EBF006C4004 /* Resources */,
			);
			buildRules = (
			);
			dependencies = (
			);
			name = kjvonly;
			packageProductDependencies = (
				6D1C88292ADA2159006C4004 /* SQLite */,
				6D1C88302ADACFB5006C4004 /* GZIP */,
			);
			productName = kjvonly;
			productReference = 6D1C87D42AD88EBF006C4004 /* kjvonly.app */;
			productType = "com.apple.product-type.application";
		};
		6D1C87E82AD88EC0006C4004 /* kjvonlyTests */ = {
			isa = PBXNativeTarget;
			buildConfigurationList = 6D1C88002AD88EC0006C4004 /* Build configuration list for PBXNativeTarget "kjvonlyTests" */;
			buildPhases = (
				6D1C87E52AD88EC0006C4004 /* Sources */,
				6D1C87E62AD88EC0006C4004 /* Frameworks */,
				6D1C87E72AD88EC0006C4004 /* Resources */,
			);
			buildRules = (
			);
			dependencies = (
				6D1C87EB2AD88EC0006C4004 /* PBXTargetDependency */,
			);
			name = kjvonlyTests;
			productName = kjvonlyTests;
			productReference = 6D1C87E92AD88EC0006C4004 /* kjvonlyTests.xctest */;
			productType = "com.apple.product-type.bundle.unit-test";
		};
		6D1C87F22AD88EC0006C4004 /* kjvonlyUITests */ = {
			isa = PBXNativeTarget;
			buildConfigurationList = 6D1C88032AD88EC0006C4004 /* Build configuration list for PBXNativeTarget "kjvonlyUITests" */;
			buildPhases = (
				6D1C87EF2AD88EC0006C4004 /* Sources */,
				6D1C87F02AD88EC0006C4004 /* Frameworks */,
				6D1C87F12AD88EC0006C4004 /* Resources */,
			);
			buildRules = (
			);
			dependencies = (
				6D1C87F52AD88EC0006C4004 /* PBXTargetDependency */,
			);
			name = kjvonlyUITests;
			productName = kjvonlyUITests;
			productReference = 6D1C87F32AD88EC0006C4004 /* kjvonlyUITests.xctest */;
			productType = "com.apple.product-type.bundle.ui-testing";
		};
/* End PBXNativeTarget section */

/* Begin PBXProject section */
		6D1C87CC2AD88EBF006C4004 /* Project object */ = {
			isa = PBXProject;
			attributes = {
				BuildIndependentTargetsInParallel = 1;
				LastSwiftUpdateCheck = 1500;
				LastUpgradeCheck = 1500;
				TargetAttributes = {
					6D1C87D32AD88EBF006C4004 = {
						CreatedOnToolsVersion = 15.0;
					};
					6D1C87E82AD88EC0006C4004 = {
						CreatedOnToolsVersion = 15.0;
						TestTargetID = 6D1C87D32AD88EBF006C4004;
					};
					6D1C87F22AD88EC0006C4004 = {
						CreatedOnToolsVersion = 15.0;
						TestTargetID = 6D1C87D32AD88EBF006C4004;
					};
				};
			};
			buildConfigurationList = 6D1C87CF2AD88EBF006C4004 /* Build configuration list for PBXProject "kjvonly" */;
			compatibilityVersion = "Xcode 14.0";
			developmentRegion = en;
			hasScannedForEncodings = 0;
			knownRegions = (
				en,
				Base,
			);
			mainGroup = 6D1C87CB2AD88EBF006C4004;
			packageReferences = (
				6D1C88282ADA2159006C4004 /* XCRemoteSwiftPackageReference "SQLite.swift" */,
				6D1C882F2ADACFB5006C4004 /* XCRemoteSwiftPackageReference "GZIP" */,
			);
			productRefGroup = 6D1C87D52AD88EBF006C4004 /* Products */;
			projectDirPath = "";
			projectRoot = "";
			targets = (
				6D1C87D32AD88EBF006C4004 /* kjvonly */,
				6D1C87E82AD88EC0006C4004 /* kjvonlyTests */,
				6D1C87F22AD88EC0006C4004 /* kjvonlyUITests */,
			);
		};
/* End PBXProject section */

/* Begin PBXResourcesBuildPhase section */
		6D1C87D22AD88EBF006C4004 /* Resources */ = {
			isa = PBXResourcesBuildPhase;
			buildActionMask = 2147483647;
			files = (
				6D1C88192AD8B653006C4004 /* kjvonly.sqlite-shm in Resources */,
				6D1C881F2ADA12D0006C4004 /* 1_1.json.gz in Resources */,
				6D1C88182AD8B653006C4004 /* kjvonly.sqlite in Resources */,
				6D1C88172AD8B653006C4004 /* kjvonly.sqlite-wal in Resources */,
				6D1C87DF2AD88EC0006C4004 /* Preview Assets.xcassets in Resources */,
				6D1C87DC2AD88EC0006C4004 /* Assets.xcassets in Resources */,
			);
			runOnlyForDeploymentPostprocessing = 0;
		};
		6D1C87E72AD88EC0006C4004 /* Resources */ = {
			isa = PBXResourcesBuildPhase;
			buildActionMask = 2147483647;
			files = (
			);
			runOnlyForDeploymentPostprocessing = 0;
		};
		6D1C87F12AD88EC0006C4004 /* Resources */ = {
			isa = PBXResourcesBuildPhase;
			buildActionMask = 2147483647;
			files = (
			);
			runOnlyForDeploymentPostprocessing = 0;
		};
/* End PBXResourcesBuildPhase section */

/* Begin PBXSourcesBuildPhase section */
		6D1C87D02AD88EBF006C4004 /* Sources */ = {
			isa = PBXSourcesBuildPhase;
			buildActionMask = 2147483647;
			files = (
				6D1C88222ADA1409006C4004 /* BibleRepository.swift in Sources */,
				6D1C88352ADADDFC006C4004 /* Chapter.swift in Sources */,
				6D1C88252ADA1730006C4004 /* BibleViewModel.swift in Sources */,
				6D1C88432ADE22F6006C4004 /* BibleRepositoryFake.swift in Sources */,
				6D1C87E12AD88EC0006C4004 /* Persistence.swift in Sources */,
				6D1C88372ADB04DF006C4004 /* SplashScreenView.swift in Sources */,
				6D1C883A2ADB3B9C006C4004 /* BibleViewToolbarOptionsView.swift in Sources */,
				6D1C882E2ADAABEB006C4004 /* ChapterDao.swift in Sources */,
				6D1C883E2ADE14D3006C4004 /* BibleToolbarView.swift in Sources */,
				6D1C88272ADA1ADB006C4004 /* BibleDao.swift in Sources */,
				6D1C881B2ADA0D6E006C4004 /* BibleView.swift in Sources */,
				6D1C87E42AD88EC0006C4004 /* kjvonly.xcdatamodeld in Sources */,
				6D1C87DA2AD88EBF006C4004 /* SqliteInitializerView.swift in Sources */,
				6D1C87D82AD88EBF006C4004 /* kjvonlyApp.swift in Sources */,
			);
			runOnlyForDeploymentPostprocessing = 0;
		};
		6D1C87E52AD88EC0006C4004 /* Sources */ = {
			isa = PBXSourcesBuildPhase;
			buildActionMask = 2147483647;
			files = (
				6D1C87EE2AD88EC0006C4004 /* kjvonlyTests.swift in Sources */,
			);
			runOnlyForDeploymentPostprocessing = 0;
		};
		6D1C87EF2AD88EC0006C4004 /* Sources */ = {
			isa = PBXSourcesBuildPhase;
			buildActionMask = 2147483647;
			files = (
				6D1C87FA2AD88EC0006C4004 /* kjvonlyUITestsLaunchTests.swift in Sources */,
				6D1C87F82AD88EC0006C4004 /* kjvonlyUITests.swift in Sources */,
			);
			runOnlyForDeploymentPostprocessing = 0;
		};
/* End PBXSourcesBuildPhase section */

/* Begin PBXTargetDependency section */
		6D1C87EB2AD88EC0006C4004 /* PBXTargetDependency */ = {
			isa = PBXTargetDependency;
			target = 6D1C87D32AD88EBF006C4004 /* kjvonly */;
			targetProxy = 6D1C87EA2AD88EC0006C4004 /* PBXContainerItemProxy */;
		};
		6D1C87F52AD88EC0006C4004 /* PBXTargetDependency */ = {
			isa = PBXTargetDependency;
			target = 6D1C87D32AD88EBF006C4004 /* kjvonly */;
			targetProxy = 6D1C87F42AD88EC0006C4004 /* PBXContainerItemProxy */;
		};
/* End PBXTargetDependency section */

/* Begin XCBuildConfiguration section */
		6D1C87FB2AD88EC0006C4004 /* Debug */ = {
			isa = XCBuildConfiguration;
			buildSettings = {
				ALWAYS_SEARCH_USER_PATHS = NO;
				ASSETCATALOG_COMPILER_GENERATE_SWIFT_ASSET_SYMBOL_EXTENSIONS = YES;
				CLANG_ANALYZER_NONNULL = YES;
				CLANG_ANALYZER_NUMBER_OBJECT_CONVERSION = YES_AGGRESSIVE;
				CLANG_CXX_LANGUAGE_STANDARD = "gnu++20";
				CLANG_ENABLE_MODULES = YES;
				CLANG_ENABLE_OBJC_ARC = YES;
				CLANG_ENABLE_OBJC_WEAK = YES;
				CLANG_WARN_BLOCK_CAPTURE_AUTORELEASING = YES;
				CLANG_WARN_BOOL_CONVERSION = YES;
				CLANG_WARN_COMMA = YES;
				CLANG_WARN_CONSTANT_CONVERSION = YES;
				CLANG_WARN_DEPRECATED_OBJC_IMPLEMENTATIONS = YES;
				CLANG_WARN_DIRECT_OBJC_ISA_USAGE = YES_ERROR;
				CLANG_WARN_DOCUMENTATION_COMMENTS = YES;
				CLANG_WARN_EMPTY_BODY = YES;
				CLANG_WARN_ENUM_CONVERSION = YES;
				CLANG_WARN_INFINITE_RECURSION = YES;
				CLANG_WARN_INT_CONVERSION = YES;
				CLANG_WARN_NON_LITERAL_NULL_CONVERSION = YES;
				CLANG_WARN_OBJC_IMPLICIT_RETAIN_SELF = YES;
				CLANG_WARN_OBJC_LITERAL_CONVERSION = YES;
				CLANG_WARN_OBJC_ROOT_CLASS = YES_ERROR;
				CLANG_WARN_QUOTED_INCLUDE_IN_FRAMEWORK_HEADER = YES;
				CLANG_WARN_RANGE_LOOP_ANALYSIS = YES;
				CLANG_WARN_STRICT_PROTOTYPES = YES;
				CLANG_WARN_SUSPICIOUS_MOVE = YES;
				CLANG_WARN_UNGUARDED_AVAILABILITY = YES_AGGRESSIVE;
				CLANG_WARN_UNREACHABLE_CODE = YES;
				CLANG_WARN__DUPLICATE_METHOD_MATCH = YES;
				COPY_PHASE_STRIP = NO;
				DEBUG_INFORMATION_FORMAT = dwarf;
				ENABLE_STRICT_OBJC_MSGSEND = YES;
				ENABLE_TESTABILITY = YES;
				ENABLE_USER_SCRIPT_SANDBOXING = YES;
				GCC_C_LANGUAGE_STANDARD = gnu17;
				GCC_DYNAMIC_NO_PIC = NO;
				GCC_NO_COMMON_BLOCKS = YES;
				GCC_OPTIMIZATION_LEVEL = 0;
				GCC_PREPROCESSOR_DEFINITIONS = (
					"DEBUG=1",
					"$(inherited)",
				);
				GCC_WARN_64_TO_32_BIT_CONVERSION = YES;
				GCC_WARN_ABOUT_RETURN_TYPE = YES_ERROR;
				GCC_WARN_UNDECLARED_SELECTOR = YES;
				GCC_WARN_UNINITIALIZED_AUTOS = YES_AGGRESSIVE;
				GCC_WARN_UNUSED_FUNCTION = YES;
				GCC_WARN_UNUSED_VARIABLE = YES;
				IPHONEOS_DEPLOYMENT_TARGET = 17.0;
				LOCALIZATION_PREFERS_STRING_CATALOGS = YES;
				MTL_ENABLE_DEBUG_INFO = INCLUDE_SOURCE;
				MTL_FAST_MATH = YES;
				ONLY_ACTIVE_ARCH = YES;
				SDKROOT = iphoneos;
				SWIFT_ACTIVE_COMPILATION_CONDITIONS = "DEBUG $(inherited)";
				SWIFT_OPTIMIZATION_LEVEL = "-Onone";
			};
			name = Debug;
		};
		6D1C87FC2AD88EC0006C4004 /* Release */ = {
			isa = XCBuildConfiguration;
			buildSettings = {
				ALWAYS_SEARCH_USER_PATHS = NO;
				ASSETCATALOG_COMPILER_GENERATE_SWIFT_ASSET_SYMBOL_EXTENSIONS = YES;
				CLANG_ANALYZER_NONNULL = YES;
				CLANG_ANALYZER_NUMBER_OBJECT_CONVERSION = YES_AGGRESSIVE;
				CLANG_CXX_LANGUAGE_STANDARD = "gnu++20";
				CLANG_ENABLE_MODULES = YES;
				CLANG_ENABLE_OBJC_ARC = YES;
				CLANG_ENABLE_OBJC_WEAK = YES;
				CLANG_WARN_BLOCK_CAPTURE_AUTORELEASING = YES;
				CLANG_WARN_BOOL_CONVERSION = YES;
				CLANG_WARN_COMMA = YES;
				CLANG_WARN_CONSTANT_CONVERSION = YES;
				CLANG_WARN_DEPRECATED_OBJC_IMPLEMENTATIONS = YES;
				CLANG_WARN_DIRECT_OBJC_ISA_USAGE = YES_ERROR;
				CLANG_WARN_DOCUMENTATION_COMMENTS = YES;
				CLANG_WARN_EMPTY_BODY = YES;
				CLANG_WARN_ENUM_CONVERSION = YES;
				CLANG_WARN_INFINITE_RECURSION = YES;
				CLANG_WARN_INT_CONVERSION = YES;
				CLANG_WARN_NON_LITERAL_NULL_CONVERSION = YES;
				CLANG_WARN_OBJC_IMPLICIT_RETAIN_SELF = YES;
				CLANG_WARN_OBJC_LITERAL_CONVERSION = YES;
				CLANG_WARN_OBJC_ROOT_CLASS = YES_ERROR;
				CLANG_WARN_QUOTED_INCLUDE_IN_FRAMEWORK_HEADER = YES;
				CLANG_WARN_RANGE_LOOP_ANALYSIS = YES;
				CLANG_WARN_STRICT_PROTOTYPES = YES;
				CLANG_WARN_SUSPICIOUS_MOVE = YES;
				CLANG_WARN_UNGUARDED_AVAILABILITY = YES_AGGRESSIVE;
				CLANG_WARN_UNREACHABLE_CODE = YES;
				CLANG_WARN__DUPLICATE_METHOD_MATCH = YES;
				COPY_PHASE_STRIP = NO;
				DEBUG_INFORMATION_FORMAT = "dwarf-with-dsym";
				ENABLE_NS_ASSERTIONS = NO;
				ENABLE_STRICT_OBJC_MSGSEND = YES;
				ENABLE_USER_SCRIPT_SANDBOXING = YES;
				GCC_C_LANGUAGE_STANDARD = gnu17;
				GCC_NO_COMMON_BLOCKS = YES;
				GCC_WARN_64_TO_32_BIT_CONVERSION = YES;
				GCC_WARN_ABOUT_RETURN_TYPE = YES_ERROR;
				GCC_WARN_UNDECLARED_SELECTOR = YES;
				GCC_WARN_UNINITIALIZED_AUTOS = YES_AGGRESSIVE;
				GCC_WARN_UNUSED_FUNCTION = YES;
				GCC_WARN_UNUSED_VARIABLE = YES;
				IPHONEOS_DEPLOYMENT_TARGET = 17.0;
				LOCALIZATION_PREFERS_STRING_CATALOGS = YES;
				MTL_ENABLE_DEBUG_INFO = NO;
				MTL_FAST_MATH = YES;
				ONLY_ACTIVE_ARCH = NO;
				SDKROOT = iphoneos;
				SWIFT_COMPILATION_MODE = wholemodule;
				VALIDATE_PRODUCT = YES;
			};
			name = Release;
		};
		6D1C87FE2AD88EC0006C4004 /* Debug */ = {
			isa = XCBuildConfiguration;
			buildSettings = {
				ASSETCATALOG_COMPILER_APPICON_NAME = AppIcon;
				ASSETCATALOG_COMPILER_GLOBAL_ACCENT_COLOR_NAME = AccentColor;
				CODE_SIGN_STYLE = Automatic;
				CURRENT_PROJECT_VERSION = 1;
				DEVELOPMENT_ASSET_PATHS = "\"kjvonly/Preview Content\"";
				ENABLE_PREVIEWS = YES;
				GENERATE_INFOPLIST_FILE = YES;
				INFOPLIST_KEY_UIApplicationSceneManifest_Generation = YES;
				INFOPLIST_KEY_UIApplicationSupportsIndirectInputEvents = YES;
				INFOPLIST_KEY_UILaunchScreen_Generation = YES;
				INFOPLIST_KEY_UISupportedInterfaceOrientations_iPad = "UIInterfaceOrientationPortrait UIInterfaceOrientationPortraitUpsideDown UIInterfaceOrientationLandscapeLeft UIInterfaceOrientationLandscapeRight";
				INFOPLIST_KEY_UISupportedInterfaceOrientations_iPhone = "UIInterfaceOrientationPortrait UIInterfaceOrientationLandscapeLeft UIInterfaceOrientationLandscapeRight";
				LD_RUNPATH_SEARCH_PATHS = (
					"$(inherited)",
					"@executable_path/Frameworks",
				);
				MARKETING_VERSION = 1.0;
				PRODUCT_BUNDLE_IDENTIFIER = kjvonly.kjvonly;
				PRODUCT_NAME = "$(TARGET_NAME)";
				SWIFT_EMIT_LOC_STRINGS = YES;
				SWIFT_VERSION = 5.0;
				TARGETED_DEVICE_FAMILY = "1,2";
			};
			name = Debug;
		};
		6D1C87FF2AD88EC0006C4004 /* Release */ = {
			isa = XCBuildConfiguration;
			buildSettings = {
				ASSETCATALOG_COMPILER_APPICON_NAME = AppIcon;
				ASSETCATALOG_COMPILER_GLOBAL_ACCENT_COLOR_NAME = AccentColor;
				CODE_SIGN_STYLE = Automatic;
				CURRENT_PROJECT_VERSION = 1;
				DEVELOPMENT_ASSET_PATHS = "\"kjvonly/Preview Content\"";
				ENABLE_PREVIEWS = YES;
				GENERATE_INFOPLIST_FILE = YES;
				INFOPLIST_KEY_UIApplicationSceneManifest_Generation = YES;
				INFOPLIST_KEY_UIApplicationSupportsIndirectInputEvents = YES;
				INFOPLIST_KEY_UILaunchScreen_Generation = YES;
				INFOPLIST_KEY_UISupportedInterfaceOrientations_iPad = "UIInterfaceOrientationPortrait UIInterfaceOrientationPortraitUpsideDown UIInterfaceOrientationLandscapeLeft UIInterfaceOrientationLandscapeRight";
				INFOPLIST_KEY_UISupportedInterfaceOrientations_iPhone = "UIInterfaceOrientationPortrait UIInterfaceOrientationLandscapeLeft UIInterfaceOrientationLandscapeRight";
				LD_RUNPATH_SEARCH_PATHS = (
					"$(inherited)",
					"@executable_path/Frameworks",
				);
				MARKETING_VERSION = 1.0;
				PRODUCT_BUNDLE_IDENTIFIER = kjvonly.kjvonly;
				PRODUCT_NAME = "$(TARGET_NAME)";
				SWIFT_EMIT_LOC_STRINGS = YES;
				SWIFT_VERSION = 5.0;
				TARGETED_DEVICE_FAMILY = "1,2";
			};
			name = Release;
		};
		6D1C88012AD88EC0006C4004 /* Debug */ = {
			isa = XCBuildConfiguration;
			buildSettings = {
				ALWAYS_EMBED_SWIFT_STANDARD_LIBRARIES = YES;
				BUNDLE_LOADER = "$(TEST_HOST)";
				CODE_SIGN_STYLE = Automatic;
				CURRENT_PROJECT_VERSION = 1;
				GENERATE_INFOPLIST_FILE = YES;
				IPHONEOS_DEPLOYMENT_TARGET = 17.0;
				MARKETING_VERSION = 1.0;
				PRODUCT_BUNDLE_IDENTIFIER = kjvonly.kjvonlyTests;
				PRODUCT_NAME = "$(TARGET_NAME)";
				SWIFT_EMIT_LOC_STRINGS = NO;
				SWIFT_VERSION = 5.0;
				TARGETED_DEVICE_FAMILY = "1,2";
				TEST_HOST = "$(BUILT_PRODUCTS_DIR)/kjvonly.app/$(BUNDLE_EXECUTABLE_FOLDER_PATH)/kjvonly";
			};
			name = Debug;
		};
		6D1C88022AD88EC0006C4004 /* Release */ = {
			isa = XCBuildConfiguration;
			buildSettings = {
				ALWAYS_EMBED_SWIFT_STANDARD_LIBRARIES = YES;
				BUNDLE_LOADER = "$(TEST_HOST)";
				CODE_SIGN_STYLE = Automatic;
				CURRENT_PROJECT_VERSION = 1;
				GENERATE_INFOPLIST_FILE = YES;
				IPHONEOS_DEPLOYMENT_TARGET = 17.0;
				MARKETING_VERSION = 1.0;
				PRODUCT_BUNDLE_IDENTIFIER = kjvonly.kjvonlyTests;
				PRODUCT_NAME = "$(TARGET_NAME)";
				SWIFT_EMIT_LOC_STRINGS = NO;
				SWIFT_VERSION = 5.0;
				TARGETED_DEVICE_FAMILY = "1,2";
				TEST_HOST = "$(BUILT_PRODUCTS_DIR)/kjvonly.app/$(BUNDLE_EXECUTABLE_FOLDER_PATH)/kjvonly";
			};
			name = Release;
		};
		6D1C88042AD88EC0006C4004 /* Debug */ = {
			isa = XCBuildConfiguration;
			buildSettings = {
				ALWAYS_EMBED_SWIFT_STANDARD_LIBRARIES = YES;
				CODE_SIGN_STYLE = Automatic;
				CURRENT_PROJECT_VERSION = 1;
				GENERATE_INFOPLIST_FILE = YES;
				MARKETING_VERSION = 1.0;
				PRODUCT_BUNDLE_IDENTIFIER = kjvonly.kjvonlyUITests;
				PRODUCT_NAME = "$(TARGET_NAME)";
				SWIFT_EMIT_LOC_STRINGS = NO;
				SWIFT_VERSION = 5.0;
				TARGETED_DEVICE_FAMILY = "1,2";
				TEST_TARGET_NAME = kjvonly;
			};
			name = Debug;
		};
		6D1C88052AD88EC0006C4004 /* Release */ = {
			isa = XCBuildConfiguration;
			buildSettings = {
				ALWAYS_EMBED_SWIFT_STANDARD_LIBRARIES = YES;
				CODE_SIGN_STYLE = Automatic;
				CURRENT_PROJECT_VERSION = 1;
				GENERATE_INFOPLIST_FILE = YES;
				MARKETING_VERSION = 1.0;
				PRODUCT_BUNDLE_IDENTIFIER = kjvonly.kjvonlyUITests;
				PRODUCT_NAME = "$(TARGET_NAME)";
				SWIFT_EMIT_LOC_STRINGS = NO;
				SWIFT_VERSION = 5.0;
				TARGETED_DEVICE_FAMILY = "1,2";
				TEST_TARGET_NAME = kjvonly;
			};
			name = Release;
		};
/* End XCBuildConfiguration section */

/* Begin XCConfigurationList section */
		6D1C87CF2AD88EBF006C4004 /* Build configuration list for PBXProject "kjvonly" */ = {
			isa = XCConfigurationList;
			buildConfigurations = (
				6D1C87FB2AD88EC0006C4004 /* Debug */,
				6D1C87FC2AD88EC0006C4004 /* Release */,
			);
			defaultConfigurationIsVisible = 0;
			defaultConfigurationName = Release;
		};
		6D1C87FD2AD88EC0006C4004 /* Build configuration list for PBXNativeTarget "kjvonly" */ = {
			isa = XCConfigurationList;
			buildConfigurations = (
				6D1C87FE2AD88EC0006C4004 /* Debug */,
				6D1C87FF2AD88EC0006C4004 /* Release */,
			);
			defaultConfigurationIsVisible = 0;
			defaultConfigurationName = Release;
		};
		6D1C88002AD88EC0006C4004 /* Build configuration list for PBXNativeTarget "kjvonlyTests" */ = {
			isa = XCConfigurationList;
			buildConfigurations = (
				6D1C88012AD88EC0006C4004 /* Debug */,
				6D1C88022AD88EC0006C4004 /* Release */,
			);
			defaultConfigurationIsVisible = 0;
			defaultConfigurationName = Release;
		};
		6D1C88032AD88EC0006C4004 /* Build configuration list for PBXNativeTarget "kjvonlyUITests" */ = {
			isa = XCConfigurationList;
			buildConfigurations = (
				6D1C88042AD88EC0006C4004 /* Debug */,
				6D1C88052AD88EC0006C4004 /* Release */,
			);
			defaultConfigurationIsVisible = 0;
			defaultConfigurationName = Release;
		};
/* End XCConfigurationList section */

/* Begin XCRemoteSwiftPackageReference section */
		6D1C88282ADA2159006C4004 /* XCRemoteSwiftPackageReference "SQLite.swift" */ = {
			isa = XCRemoteSwiftPackageReference;
			repositoryURL = "https://github.com/stephencelis/SQLite.swift.git";
			requirement = {
				kind = upToNextMajorVersion;
				minimumVersion = 0.14.1;
			};
		};
		6D1C882F2ADACFB5006C4004 /* XCRemoteSwiftPackageReference "GZIP" */ = {
			isa = XCRemoteSwiftPackageReference;
			repositoryURL = "https://github.com/nicklockwood/GZIP";
			requirement = {
				kind = upToNextMajorVersion;
				minimumVersion = 1.3.1;
			};
		};
/* End XCRemoteSwiftPackageReference section */

/* Begin XCSwiftPackageProductDependency section */
		6D1C88292ADA2159006C4004 /* SQLite */ = {
			isa = XCSwiftPackageProductDependency;
			package = 6D1C88282ADA2159006C4004 /* XCRemoteSwiftPackageReference "SQLite.swift" */;
			productName = SQLite;
		};
		6D1C88302ADACFB5006C4004 /* GZIP */ = {
			isa = XCSwiftPackageProductDependency;
			package = 6D1C882F2ADACFB5006C4004 /* XCRemoteSwiftPackageReference "GZIP" */;
			productName = GZIP;
		};
/* End XCSwiftPackageProductDependency section */

/* Begin XCVersionGroup section */
		6D1C87E22AD88EC0006C4004 /* kjvonly.xcdatamodeld */ = {
			isa = XCVersionGroup;
			children = (
				6D1C87E32AD88EC0006C4004 /* kjvonly.xcdatamodel */,
			);
			currentVersion = 6D1C87E32AD88EC0006C4004 /* kjvonly.xcdatamodel */;
			path = kjvonly.xcdatamodeld;
			sourceTree = "<group>";
			versionGroupType = wrapper.xcdatamodel;
		};
/* End XCVersionGroup section */
	};
	rootObject = 6D1C87CC2AD88EBF006C4004 /* Project object */;
}
